
Microsoft Visual Studio Solution File, Format Version 12.00
# Visual Studio Version 17
VisualStudioVersion = 17.9.34607.119
MinimumVisualStudioVersion = 10.0.40219.1
Project("{2150E333-8FDC-42A3-9474-1A3956D46DE8}") = "Services", "Services", "{C46B3325-6257-4351-816F-705DE12A9A60}"
EndProject
Project("{2150E333-8FDC-42A3-9474-1A3956D46DE8}") = "Catalog", "Catalog", "{4577218E-D501-4275-BDD6-AFAD2FE09A38}"
EndProject
Project("{9A19103F-16F7-4668-BE54-9A1E7A4F7556}") = "MultiShop.Catalog", "Services\Catalog\MultiShop.Catalog\MultiShop.Catalog.csproj", "{95FA4995-7ED3-46F4-9616-066B5C173DF7}"
EndProject
Project("{2150E333-8FDC-42A3-9474-1A3956D46DE8}") = "Discount", "Discount", "{0CEC7FE2-668C-4B5D-BB47-187BEDBA8970}"
EndProject
Project("{9A19103F-16F7-4668-BE54-9A1E7A4F7556}") = "MultiShop.Discount", "Services\Discount\MultiShop.Discount\MultiShop.Discount.csproj", "{CBDCBB1C-A236-474E-B6EC-83E823A5955A}"
EndProject
Project("{2150E333-8FDC-42A3-9474-1A3956D46DE8}") = "Order", "Order", "{1EA91E2F-1307-4DDC-866D-588454AD3B6F}"
EndProject
Project("{2150E333-8FDC-42A3-9474-1A3956D46DE8}") = "Core", "Core", "{76340A81-B410-46B7-B9B3-F19B8B6905A4}"
EndProject
Project("{2150E333-8FDC-42A3-9474-1A3956D46DE8}") = "Infrastructure", "Infrastructure", "{4285C1CA-5461-4474-8F4F-52263BEBF572}"
EndProject
Project("{2150E333-8FDC-42A3-9474-1A3956D46DE8}") = "Presentation", "Presentation", "{162DBD5E-080B-4B54-B3D3-3251AB341B6D}"
EndProject
Project("{9A19103F-16F7-4668-BE54-9A1E7A4F7556}") = "MultiShop.Order.Domain", "Services\Order\Core\MultiShop.Order.Domain\MultiShop.Order.Domain.csproj", "{0122BCD4-DE69-49E8-AD2C-443C9B9B69A4}"
EndProject
Project("{9A19103F-16F7-4668-BE54-9A1E7A4F7556}") = "MultiShop.Order.Application", "Services\Order\Core\MultiShop.Order.Application\MultiShop.Order.Application.csproj", "{D47B8065-006E-4828-90D9-18C5F64688E1}"
EndProject
Project("{9A19103F-16F7-4668-BE54-9A1E7A4F7556}") = "MultiShop.Order.Persistance", "Services\Order\Infrastructure\MultiShop.Order.Persistance\MultiShop.Order.Persistance.csproj", "{F8739BBA-A2CD-4677-B785-4637E1019300}"
EndProject
Project("{9A19103F-16F7-4668-BE54-9A1E7A4F7556}") = "MultiShop.Order.API", "Services\Order\Presentation\MultiShop.Order.API\MultiShop.Order.API.csproj", "{F0841C82-24DE-404A-B96A-1CBB472F7415}"
EndProject
Project("{E53339B2-1760-4266-BCC7-CA923CBCF16C}") = "docker-compose", "docker-compose.dcproj", "{4772E39E-1799-4C3A-B418-C8C81FAF5FB8}"
EndProject
Project("{2150E333-8FDC-42A3-9474-1A3956D46DE8}") = "IdentityServer", "IdentityServer", "{F422D67F-4EA2-4CFB-B4D8-EB3941722E83}"
EndProject
Project("{9A19103F-16F7-4668-BE54-9A1E7A4F7556}") = "MultiShop.IdentityServer", "IdentityServer\MultiShop.IdentityServer\MultiShop.IdentityServer.csproj", "{5BD744C2-8014-4C8B-8CD3-F9ADA91976C6}"
EndProject
Global
	GlobalSection(SolutionConfigurationPlatforms) = preSolution
		Debug|Any CPU = Debug|Any CPU
		Release|Any CPU = Release|Any CPU
	EndGlobalSection
	GlobalSection(ProjectConfigurationPlatforms) = postSolution
		{95FA4995-7ED3-46F4-9616-066B5C173DF7}.Debug|Any CPU.ActiveCfg = Debug|Any CPU
		{95FA4995-7ED3-46F4-9616-066B5C173DF7}.Debug|Any CPU.Build.0 = Debug|Any CPU
		{95FA4995-7ED3-46F4-9616-066B5C173DF7}.Release|Any CPU.ActiveCfg = Release|Any CPU
		{95FA4995-7ED3-46F4-9616-066B5C173DF7}.Release|Any CPU.Build.0 = Release|Any CPU
		{CBDCBB1C-A236-474E-B6EC-83E823A5955A}.Debug|Any CPU.ActiveCfg = Debug|Any CPU
		{CBDCBB1C-A236-474E-B6EC-83E823A5955A}.Debug|Any CPU.Build.0 = Debug|Any CPU
		{CBDCBB1C-A236-474E-B6EC-83E823A5955A}.Release|Any CPU.ActiveCfg = Release|Any CPU
		{CBDCBB1C-A236-474E-B6EC-83E823A5955A}.Release|Any CPU.Build.0 = Release|Any CPU
		{0122BCD4-DE69-49E8-AD2C-443C9B9B69A4}.Debug|Any CPU.ActiveCfg = Debug|Any CPU
		{0122BCD4-DE69-49E8-AD2C-443C9B9B69A4}.Debug|Any CPU.Build.0 = Debug|Any CPU
		{0122BCD4-DE69-49E8-AD2C-443C9B9B69A4}.Release|Any CPU.ActiveCfg = Release|Any CPU
		{0122BCD4-DE69-49E8-AD2C-443C9B9B69A4}.Release|Any CPU.Build.0 = Release|Any CPU
		{D47B8065-006E-4828-90D9-18C5F64688E1}.Debug|Any CPU.ActiveCfg = Debug|Any CPU
		{D47B8065-006E-4828-90D9-18C5F64688E1}.Debug|Any CPU.Build.0 = Debug|Any CPU
		{D47B8065-006E-4828-90D9-18C5F64688E1}.Release|Any CPU.ActiveCfg = Release|Any CPU
		{D47B8065-006E-4828-90D9-18C5F64688E1}.Release|Any CPU.Build.0 = Release|Any CPU
		{F8739BBA-A2CD-4677-B785-4637E1019300}.Debug|Any CPU.ActiveCfg = Debug|Any CPU
		{F8739BBA-A2CD-4677-B785-4637E1019300}.Debug|Any CPU.Build.0 = Debug|Any CPU
		{F8739BBA-A2CD-4677-B785-4637E1019300}.Release|Any CPU.ActiveCfg = Release|Any CPU
		{F8739BBA-A2CD-4677-B785-4637E1019300}.Release|Any CPU.Build.0 = Release|Any CPU
		{F0841C82-24DE-404A-B96A-1CBB472F7415}.Debug|Any CPU.ActiveCfg = Debug|Any CPU
		{F0841C82-24DE-404A-B96A-1CBB472F7415}.Debug|Any CPU.Build.0 = Debug|Any CPU
		{F0841C82-24DE-404A-B96A-1CBB472F7415}.Release|Any CPU.ActiveCfg = Release|Any CPU
		{F0841C82-24DE-404A-B96A-1CBB472F7415}.Release|Any CPU.Build.0 = Release|Any CPU
		{4772E39E-1799-4C3A-B418-C8C81FAF5FB8}.Debug|Any CPU.ActiveCfg = Debug|Any CPU
		{4772E39E-1799-4C3A-B418-C8C81FAF5FB8}.Debug|Any CPU.Build.0 = Debug|Any CPU
		{4772E39E-1799-4C3A-B418-C8C81FAF5FB8}.Release|Any CPU.ActiveCfg = Release|Any CPU
		{4772E39E-1799-4C3A-B418-C8C81FAF5FB8}.Release|Any CPU.Build.0 = Release|Any CPU
		{5BD744C2-8014-4C8B-8CD3-F9ADA91976C6}.Debug|Any CPU.ActiveCfg = Debug|Any CPU
		{5BD744C2-8014-4C8B-8CD3-F9ADA91976C6}.Debug|Any CPU.Build.0 = Debug|Any CPU
		{5BD744C2-8014-4C8B-8CD3-F9ADA91976C6}.Release|Any CPU.ActiveCfg = Release|Any CPU
		{5BD744C2-8014-4C8B-8CD3-F9ADA91976C6}.Release|Any CPU.Build.0 = Release|Any CPU
	EndGlobalSection
	GlobalSection(SolutionProperties) = preSolution
		HideSolutionNode = FALSE
	EndGlobalSection
	GlobalSection(NestedProjects) = preSolution
		{4577218E-D501-4275-BDD6-AFAD2FE09A38} = {C46B3325-6257-4351-816F-705DE12A9A60}
		{95FA4995-7ED3-46F4-9616-066B5C173DF7} = {4577218E-D501-4275-BDD6-AFAD2FE09A38}
		{0CEC7FE2-668C-4B5D-BB47-187BEDBA8970} = {C46B3325-6257-4351-816F-705DE12A9A60}
		{CBDCBB1C-A236-474E-B6EC-83E823A5955A} = {0CEC7FE2-668C-4B5D-BB47-187BEDBA8970}
		{1EA91E2F-1307-4DDC-866D-588454AD3B6F} = {C46B3325-6257-4351-816F-705DE12A9A60}
		{76340A81-B410-46B7-B9B3-F19B8B6905A4} = {1EA91E2F-1307-4DDC-866D-588454AD3B6F}
		{4285C1CA-5461-4474-8F4F-52263BEBF572} = {1EA91E2F-1307-4DDC-866D-588454AD3B6F}
		{162DBD5E-080B-4B54-B3D3-3251AB341B6D} = {1EA91E2F-1307-4DDC-866D-588454AD3B6F}
		{0122BCD4-DE69-49E8-AD2C-443C9B9B69A4} = {76340A81-B410-46B7-B9B3-F19B8B6905A4}
		{D47B8065-006E-4828-90D9-18C5F64688E1} = {76340A81-B410-46B7-B9B3-F19B8B6905A4}
		{F8739BBA-A2CD-4677-B785-4637E1019300} = {4285C1CA-5461-4474-8F4F-52263BEBF572}
		{F0841C82-24DE-404A-B96A-1CBB472F7415} = {162DBD5E-080B-4B54-B3D3-3251AB341B6D}
		{5BD744C2-8014-4C8B-8CD3-F9ADA91976C6} = {F422D67F-4EA2-4CFB-B4D8-EB3941722E83}
	EndGlobalSection
	GlobalSection(ExtensibilityGlobals) = postSolution
		SolutionGuid = {4F7049DB-1BC6-48BF-8D4B-0F2B540466AE}
	EndGlobalSection
EndGlobal
